{
  "name": "hello-world",
  "version": "1.0.0",
  "lockfileVersion": 1,
  "requires": true,
  "dependencies": {
    "@sailshq/lodash": {
      "version": "3.10.2",
      "resolved": "https://registry.npmjs.org/@sailshq/lodash/-/lodash-3.10.2.tgz",
      "integrity": "sha1-FWfUc0U2TCwuIHe8ETSHsd/mIVQ="
    },
    "accepts": {
      "version": "1.3.5",
      "resolved": "https://registry.npmjs.org/accepts/-/accepts-1.3.5.tgz",
      "integrity": "sha1-63d99gEXI6OxTopywIBcjoZ0a9I=",
      "requires": {
        "mime-types": "2.1.18",
        "negotiator": "0.6.1"
      }
    },
    "acorn": {
      "version": "5.5.1",
      "resolved": "https://registry.npmjs.org/acorn/-/acorn-5.5.1.tgz",
      "integrity": "sha512-D/KGiCpM/VOtTMDS+wfjywEth926WUrArrzYov4N4SI7t+3y8747dPpCmmAvrm/Z3ygqMHnyPxvYYO0yTdn/nQ=="
    },
    "anchor": {
      "version": "1.2.0",
      "resolved": "https://registry.npmjs.org/anchor/-/anchor-1.2.0.tgz",
      "integrity": "sha512-HA3dZelD4mTRcOyFEentnsxwUSrkdUZmn6FWey1rQfMzn7UDTDRAnD78ieQU2x5Etn5S/CDCtrVW6qZeqR+dJg==",
      "requires": {
        "@sailshq/lodash": "3.10.2",
        "validator": "4.4.0"
      },
      "dependencies": {
        "validator": {
          "version": "4.4.0",
          "resolved": "https://registry.npmjs.org/validator/-/validator-4.4.0.tgz",
          "integrity": "sha1-NeKVVd1feCb5cKTq7P+ebfbfPaY="
        }
      }
    },
    "array-flatten": {
      "version": "1.1.1",
      "resolved": "https://registry.npmjs.org/array-flatten/-/array-flatten-1.1.1.tgz",
      "integrity": "sha1-ml9pkFGx5wczKPKgCJaLZOopVdI="
    },
    "async": {
      "version": "2.0.1",
      "resolved": "https://registry.npmjs.org/async/-/async-2.0.1.tgz",
      "integrity": "sha1-twnMAoCpw28J9FNr6CPIOKkEniU=",
      "requires": {
        "lodash": "4.17.5"
      },
      "dependencies": {
        "lodash": {
          "version": "4.17.5",
          "resolved": "https://registry.npmjs.org/lodash/-/lodash-4.17.5.tgz",
          "integrity": "sha512-svL3uiZf1RwhH+cWrfZn3A4+U58wbP0tGVTLQPbjplZxZ8ROD9VLuNgsRniTlLe7OlSqR79RUehXgpBW/s0IQw=="
        }
      }
    },
    "balanced-match": {
      "version": "1.0.0",
      "resolved": "https://registry.npmjs.org/balanced-match/-/balanced-match-1.0.0.tgz",
      "integrity": "sha1-ibTRmasr7kneFk6gK4nORi1xt2c="
    },
    "binary-search-tree": {
      "version": "0.2.5",
      "resolved": "https://registry.npmjs.org/binary-search-tree/-/binary-search-tree-0.2.5.tgz",
      "integrity": "sha1-fbs7IQ/coIJFDa0jNMMErzm9x4Q=",
      "requires": {
        "underscore": "1.4.4"
      }
    },
    "bluebird": {
      "version": "3.2.1",
      "resolved": "https://registry.npmjs.org/bluebird/-/bluebird-3.2.1.tgz",
      "integrity": "sha1-POzzUEkEwwzj55wXCHfok6EZEP0="
    },
    "body-parser": {
      "version": "1.18.2",
      "resolved": "https://registry.npmjs.org/body-parser/-/body-parser-1.18.2.tgz",
      "integrity": "sha1-h2eKGdhLR9hZuDGZvVm84iKxBFQ=",
      "requires": {
        "bytes": "3.0.0",
        "content-type": "1.0.4",
        "debug": "2.6.9",
        "depd": "1.1.2",
        "http-errors": "1.6.2",
        "iconv-lite": "0.4.19",
        "on-finished": "2.3.0",
        "qs": "6.5.1",
        "raw-body": "2.3.2",
        "type-is": "1.6.16"
      }
    },
    "brace-expansion": {
      "version": "1.1.11",
      "resolved": "https://registry.npmjs.org/brace-expansion/-/brace-expansion-1.1.11.tgz",
      "integrity": "sha512-iCuPHDFgrHX7H2vEI/5xpz07zSHB00TpugqhmYtVmMO6518mCuRMoOYFldEBl0g187ufozdaHgWKcYFb61qGiA==",
      "requires": {
        "balanced-match": "1.0.0",
        "concat-map": "0.0.1"
      }
    },
    "browserify-transform-machinepack": {
      "version": "1.0.3",
      "resolved": "https://registry.npmjs.org/browserify-transform-machinepack/-/browserify-transform-machinepack-1.0.3.tgz",
      "integrity": "sha1-gzdDEPyDJmr5+88vF97kGD0NiPg=",
      "requires": {
        "browserify-transform-tools": "1.7.0",
        "lodash": "3.10.1"
      }
    },
    "browserify-transform-tools": {
      "version": "1.7.0",
      "resolved": "https://registry.npmjs.org/browserify-transform-tools/-/browserify-transform-tools-1.7.0.tgz",
      "integrity": "sha1-g+J3Ih9jJZvtLn6yooOpcKUB9MQ=",
      "requires": {
        "falafel": "2.1.0",
        "through": "2.3.8"
      }
    },
    "bson": {
      "version": "1.0.5",
      "resolved": "https://registry.npmjs.org/bson/-/bson-1.0.5.tgz",
      "integrity": "sha512-D4SCtud6mlEb48kXdTHU31DRU0bsgOJ+4St1Dcx30uYNnf/aGc+hC9gHB/z0Eth8HYYs/hr0SFdyZViht19SwA=="
    },
    "buffer-shims": {
      "version": "1.0.0",
      "resolved": "https://registry.npmjs.org/buffer-shims/-/buffer-shims-1.0.0.tgz",
      "integrity": "sha1-mXjOMXOIxkmth5MCjDR37wRKi1E="
    },
    "bytes": {
      "version": "3.0.0",
      "resolved": "https://registry.npmjs.org/bytes/-/bytes-3.0.0.tgz",
      "integrity": "sha1-0ygVQE1olpn4Wk6k+odV3ROpYEg="
    },
    "concat-map": {
      "version": "0.0.1",
      "resolved": "https://registry.npmjs.org/concat-map/-/concat-map-0.0.1.tgz",
      "integrity": "sha1-2Klr13/Wjfd5OnMDajug1UBdR3s="
    },
    "config": {
      "version": "1.30.0",
      "resolved": "https://registry.npmjs.org/config/-/config-1.30.0.tgz",
      "integrity": "sha1-HWCp81NIoTwXV5jThOgaWhbDum4=",
      "requires": {
        "json5": "0.4.0",
        "os-homedir": "1.0.2"
      }
    },
    "content-disposition": {
      "version": "0.5.2",
      "resolved": "https://registry.npmjs.org/content-disposition/-/content-disposition-0.5.2.tgz",
      "integrity": "sha1-DPaLud318r55YcOoUXjLhdunjLQ="
    },
    "content-type": {
      "version": "1.0.4",
      "resolved": "https://registry.npmjs.org/content-type/-/content-type-1.0.4.tgz",
      "integrity": "sha512-hIP3EEPs8tB9AT1L+NUqtwOAps4mk2Zob89MWXMHjHWg9milF/j4osnnQLXBCBFBk/tvIG/tUc9mOUJiPBhPXA=="
    },
    "convert-to-ecmascript-compatible-varname": {
      "version": "0.1.4",
      "resolved": "https://registry.npmjs.org/convert-to-ecmascript-compatible-varname/-/convert-to-ecmascript-compatible-varname-0.1.4.tgz",
      "integrity": "sha1-Sf9G6WwdNWqR1Lg+X/4BM8PIrBQ="
    },
    "cookie": {
      "version": "0.3.1",
      "resolved": "https://registry.npmjs.org/cookie/-/cookie-0.3.1.tgz",
      "integrity": "sha1-5+Ch+e9DtMi6klxcWpboBtFoc7s="
    },
    "cookie-signature": {
      "version": "1.0.6",
      "resolved": "https://registry.npmjs.org/cookie-signature/-/cookie-signature-1.0.6.tgz",
      "integrity": "sha1-4wOogrNCzD7oylE6eZmXNNqzriw="
    },
    "core-util-is": {
      "version": "1.0.2",
      "resolved": "https://registry.npmjs.org/core-util-is/-/core-util-is-1.0.2.tgz",
      "integrity": "sha1-tf1UIgqivFq1eqtxQMlAdUUDwac="
    },
    "debug": {
      "version": "2.6.9",
      "resolved": "https://registry.npmjs.org/debug/-/debug-2.6.9.tgz",
      "integrity": "sha512-bC7ElrdJaJnPbAP+1EotYvqZsb3ecl5wi6Bfi6BJTUcNowp6cvspg0jXznRTKDjm/E7AdgFBVeAPVMNcKGsHMA==",
      "requires": {
        "ms": "2.0.0"
      }
    },
    "depd": {
      "version": "1.1.2",
      "resolved": "https://registry.npmjs.org/depd/-/depd-1.1.2.tgz",
      "integrity": "sha1-m81S4UwJd2PnSbJ0xDRu0uVgtak="
    },
    "destroy": {
      "version": "1.0.4",
      "resolved": "https://registry.npmjs.org/destroy/-/destroy-1.0.4.tgz",
      "integrity": "sha1-l4hXRCxEdJ5CBmE+N5RiBYJqvYA="
    },
    "ee-first": {
      "version": "1.1.1",
      "resolved": "https://registry.npmjs.org/ee-first/-/ee-first-1.1.1.tgz",
      "integrity": "sha1-WQxhFWsK4vTwJVcyoViyZrxWsh0="
    },
    "encodeurl": {
      "version": "1.0.2",
      "resolved": "https://registry.npmjs.org/encodeurl/-/encodeurl-1.0.2.tgz",
      "integrity": "sha1-rT/0yG7C0CkyL1oCw6mmBslbP1k="
    },
    "encrypted-attr": {
      "version": "1.0.6",
      "resolved": "https://registry.npmjs.org/encrypted-attr/-/encrypted-attr-1.0.6.tgz",
      "integrity": "sha512-12WE8GDkbhKcGmVp6+TyJXCcFj9NF7db33nutjOSBLlMuYY4oCGricgTEUAuRSI1xLeE1nhoDD6jSx20WgFVYg==",
      "requires": {
        "lodash": "4.17.5"
      },
      "dependencies": {
        "lodash": {
          "version": "4.17.5",
          "resolved": "https://registry.npmjs.org/lodash/-/lodash-4.17.5.tgz",
          "integrity": "sha512-svL3uiZf1RwhH+cWrfZn3A4+U58wbP0tGVTLQPbjplZxZ8ROD9VLuNgsRniTlLe7OlSqR79RUehXgpBW/s0IQw=="
        }
      }
    },
    "es6-promise": {
      "version": "3.2.1",
      "resolved": "https://registry.npmjs.org/es6-promise/-/es6-promise-3.2.1.tgz",
      "integrity": "sha1-7FYjOGgDKQkgcXDDlEjiREndH8Q="
    },
    "escape-html": {
      "version": "1.0.3",
      "resolved": "https://registry.npmjs.org/escape-html/-/escape-html-1.0.3.tgz",
      "integrity": "sha1-Aljq5NPQwJdN4cFpGI7wBR0dGYg="
    },
    "etag": {
      "version": "1.8.1",
      "resolved": "https://registry.npmjs.org/etag/-/etag-1.8.1.tgz",
      "integrity": "sha1-Qa4u62XvpiJorr/qg6x9eSmbCIc="
    },
    "express": {
      "version": "4.16.2",
      "resolved": "https://registry.npmjs.org/express/-/express-4.16.2.tgz",
      "integrity": "sha1-41xt/i1kt9ygpc1PIXgb4ymeB2w=",
      "requires": {
        "accepts": "1.3.5",
        "array-flatten": "1.1.1",
        "body-parser": "1.18.2",
        "content-disposition": "0.5.2",
        "content-type": "1.0.4",
        "cookie": "0.3.1",
        "cookie-signature": "1.0.6",
        "debug": "2.6.9",
        "depd": "1.1.2",
        "encodeurl": "1.0.2",
        "escape-html": "1.0.3",
        "etag": "1.8.1",
        "finalhandler": "1.1.0",
        "fresh": "0.5.2",
        "merge-descriptors": "1.0.1",
        "methods": "1.1.2",
        "on-finished": "2.3.0",
        "parseurl": "1.3.2",
        "path-to-regexp": "0.1.7",
        "proxy-addr": "2.0.3",
        "qs": "6.5.1",
        "range-parser": "1.2.0",
        "safe-buffer": "5.1.1",
        "send": "0.16.1",
        "serve-static": "1.13.1",
        "setprototypeof": "1.1.0",
        "statuses": "1.3.1",
        "type-is": "1.6.16",
        "utils-merge": "1.0.1",
        "vary": "1.1.2"
      }
    },
    "falafel": {
      "version": "2.1.0",
      "resolved": "https://registry.npmjs.org/falafel/-/falafel-2.1.0.tgz",
      "integrity": "sha1-lrsXdh2rqU9G0AFzizzt86Z/4Gw=",
      "requires": {
        "acorn": "5.5.1",
        "foreach": "2.0.5",
        "isarray": "0.0.1",
        "object-keys": "1.0.11"
      }
    },
    "finalhandler": {
      "version": "1.1.0",
      "resolved": "https://registry.npmjs.org/finalhandler/-/finalhandler-1.1.0.tgz",
      "integrity": "sha1-zgtoVbRYU+eRsvzGgARtiCU91/U=",
      "requires": {
        "debug": "2.6.9",
        "encodeurl": "1.0.2",
        "escape-html": "1.0.3",
        "on-finished": "2.3.0",
        "parseurl": "1.3.2",
        "statuses": "1.3.1",
        "unpipe": "1.0.0"
      }
    },
    "flaverr": {
      "version": "1.9.0",
      "resolved": "https://registry.npmjs.org/flaverr/-/flaverr-1.9.0.tgz",
      "integrity": "sha512-PVkovjjvvgMMjsYYR1bSiSxRSt8K/Q6llEpBaaXKaKYbUv49r+W1gNvBlYmme01i71kixISibaBCP03T6OjJZQ==",
      "requires": {
        "@sailshq/lodash": "3.10.2"
      }
    },
    "foreach": {
      "version": "2.0.5",
      "resolved": "https://registry.npmjs.org/foreach/-/foreach-2.0.5.tgz",
      "integrity": "sha1-C+4AUBiusmDQo6865ljdATbsG5k="
    },
    "forwarded": {
      "version": "0.1.2",
      "resolved": "https://registry.npmjs.org/forwarded/-/forwarded-0.1.2.tgz",
      "integrity": "sha1-mMI9qxF1ZXuMBXPozszZGw/xjIQ="
    },
    "fresh": {
      "version": "0.5.2",
      "resolved": "https://registry.npmjs.org/fresh/-/fresh-0.5.2.tgz",
      "integrity": "sha1-PYyt2Q2XZWn6g1qx+OSyOhBWBac="
    },
    "fs-extra": {
      "version": "0.30.0",
      "resolved": "https://registry.npmjs.org/fs-extra/-/fs-extra-0.30.0.tgz",
      "integrity": "sha1-8jP/zAjU2n1DLapEl3aYnbHfk/A=",
      "requires": {
        "graceful-fs": "4.1.11",
        "jsonfile": "2.4.0",
        "klaw": "1.3.1",
        "path-is-absolute": "1.0.1",
        "rimraf": "2.6.2"
      }
    },
    "fs.realpath": {
      "version": "1.0.0",
      "resolved": "https://registry.npmjs.org/fs.realpath/-/fs.realpath-1.0.0.tgz",
      "integrity": "sha1-FQStJSMVjKpA20onh8sBQRmU6k8="
    },
    "glob": {
      "version": "7.1.2",
      "resolved": "https://registry.npmjs.org/glob/-/glob-7.1.2.tgz",
      "integrity": "sha512-MJTUg1kjuLeQCJ+ccE4Vpa6kKVXkPYJ2mOCQyUuKLcLQsdrMCpBPUi8qVE6+YuaJkozeA9NusTAw3hLr8Xe5EQ==",
      "requires": {
        "fs.realpath": "1.0.0",
        "inflight": "1.0.6",
        "inherits": "2.0.3",
        "minimatch": "3.0.4",
        "once": "1.4.0",
        "path-is-absolute": "1.0.1"
      }
    },
    "graceful-fs": {
      "version": "4.1.11",
      "resolved": "https://registry.npmjs.org/graceful-fs/-/graceful-fs-4.1.11.tgz",
      "integrity": "sha1-Dovf5NHduIVNZOBOp8AOKgJuVlg="
    },
    "hat": {
      "version": "0.0.3",
      "resolved": "https://registry.npmjs.org/hat/-/hat-0.0.3.tgz",
      "integrity": "sha1-uwFKnmSzeIrtgAWRdBPU/z1QLYo="
    },
    "http-errors": {
      "version": "1.6.2",
      "resolved": "https://registry.npmjs.org/http-errors/-/http-errors-1.6.2.tgz",
      "integrity": "sha1-CgAsyFcHGSp+eUbO7cERVfYOxzY=",
      "requires": {
        "depd": "1.1.1",
        "inherits": "2.0.3",
        "setprototypeof": "1.0.3",
        "statuses": "1.3.1"
      },
      "dependencies": {
        "depd": {
          "version": "1.1.1",
          "resolved": "https://registry.npmjs.org/depd/-/depd-1.1.1.tgz",
          "integrity": "sha1-V4O04cRZ8G+lyif5kfPQbnoxA1k="
        },
        "setprototypeof": {
          "version": "1.0.3",
          "resolved": "https://registry.npmjs.org/setprototypeof/-/setprototypeof-1.0.3.tgz",
          "integrity": "sha1-ZlZ+NwQ+608E2RvWWMDL77VbjgQ="
        }
      }
    },
    "iconv-lite": {
      "version": "0.4.19",
      "resolved": "https://registry.npmjs.org/iconv-lite/-/iconv-lite-0.4.19.tgz",
      "integrity": "sha512-oTZqweIP51xaGPI4uPa56/Pri/480R+mo7SeU+YETByQNhDG55ycFyNLIgta9vXhILrxXDmF7ZGhqZIcuN0gJQ=="
    },
    "immediate": {
      "version": "3.0.6",
      "resolved": "https://registry.npmjs.org/immediate/-/immediate-3.0.6.tgz",
      "integrity": "sha1-nbHb0Pr43m++D13V5Wu2BigN5ps="
    },
    "include-all": {
      "version": "1.0.8",
      "resolved": "https://registry.npmjs.org/include-all/-/include-all-1.0.8.tgz",
      "integrity": "sha1-6LuEsFcniiLPlEMZA32XAMGKQ3k=",
      "requires": {
        "lodash": "3.10.1"
      }
    },
    "inflight": {
      "version": "1.0.6",
      "resolved": "https://registry.npmjs.org/inflight/-/inflight-1.0.6.tgz",
      "integrity": "sha1-Sb1jMdfQLQwJvJEKEHW6gWW1bfk=",
      "requires": {
        "once": "1.4.0",
        "wrappy": "1.0.2"
      }
    },
    "inherits": {
      "version": "2.0.3",
      "resolved": "https://registry.npmjs.org/inherits/-/inherits-2.0.3.tgz",
      "integrity": "sha1-Yzwsg+PaQqUC9SRmAiSA9CCCYd4="
    },
    "ipaddr.js": {
      "version": "1.6.0",
      "resolved": "https://registry.npmjs.org/ipaddr.js/-/ipaddr.js-1.6.0.tgz",
      "integrity": "sha1-4/o1e3c9phnybpXwSdBVxyeW+Gs="
    },
    "isarray": {
      "version": "0.0.1",
      "resolved": "https://registry.npmjs.org/isarray/-/isarray-0.0.1.tgz",
      "integrity": "sha1-ihis/Kmo9Bd+Cav8YDiTmwXR7t8="
    },
    "json5": {
      "version": "0.4.0",
      "resolved": "https://registry.npmjs.org/json5/-/json5-0.4.0.tgz",
      "integrity": "sha1-BUNS5MTIDIbAkjh31EneF2pzLI0="
    },
    "jsonfile": {
      "version": "2.4.0",
      "resolved": "https://registry.npmjs.org/jsonfile/-/jsonfile-2.4.0.tgz",
      "integrity": "sha1-NzaitCi4e72gzIO1P6PWM6NcKug=",
      "requires": {
        "graceful-fs": "4.1.11"
      }
    },
    "klaw": {
      "version": "1.3.1",
      "resolved": "https://registry.npmjs.org/klaw/-/klaw-1.3.1.tgz",
      "integrity": "sha1-QIhDO0azsbolnXh4XY6W9zugJDk=",
      "requires": {
        "graceful-fs": "4.1.11"
      }
    },
    "lie": {
      "version": "3.1.1",
      "resolved": "https://registry.npmjs.org/lie/-/lie-3.1.1.tgz",
      "integrity": "sha1-mkNrLMd0bKWd56QfpGmz77dr2H4=",
      "requires": {
        "immediate": "3.0.6"
      }
    },
    "localforage": {
      "version": "1.6.0",
      "resolved": "https://registry.npmjs.org/localforage/-/localforage-1.6.0.tgz",
      "integrity": "sha1-iwBZvus4dcSBJChsp/2/I9UrjJc=",
      "requires": {
        "lie": "3.1.1"
      }
    },
    "lodash": {
      "version": "3.10.1",
      "resolved": "https://registry.npmjs.org/lodash/-/lodash-3.10.1.tgz",
      "integrity": "sha1-W/Rejkm6QYnhfUgnid/RW9FAt7Y="
    },
    "lodash.iserror": {
      "version": "3.1.1",
      "resolved": "https://registry.npmjs.org/lodash.iserror/-/lodash.iserror-3.1.1.tgz",
      "integrity": "sha1-KXuaBfq2cUvCRE18wZ0dfES17Ow="
    },
    "lodash.isfunction": {
      "version": "3.0.8",
      "resolved": "https://registry.npmjs.org/lodash.isfunction/-/lodash.isfunction-3.0.8.tgz",
      "integrity": "sha1-TbcJ/IG8So/XEnpFilNGxc3OLGs="
    },
    "lodash.isobject": {
      "version": "3.0.2",
      "resolved": "https://registry.npmjs.org/lodash.isobject/-/lodash.isobject-3.0.2.tgz",
      "integrity": "sha1-PI+41bW/S/kK4G4U8qUwpO2TXh0="
    },
    "lodash.isregexp": {
      "version": "3.0.5",
      "resolved": "https://registry.npmjs.org/lodash.isregexp/-/lodash.isregexp-3.0.5.tgz",
      "integrity": "sha1-4PWWJC8voiioQAhrbIrYLktx/S0="
    },
    "lodash.issafeinteger": {
      "version": "4.0.4",
      "resolved": "https://registry.npmjs.org/lodash.issafeinteger/-/lodash.issafeinteger-4.0.4.tgz",
      "integrity": "sha1-sXbVmQ7GSdBr7cvOLwKOeJBJT5A="
    },
    "machine": {
      "version": "12.1.1",
      "resolved": "https://registry.npmjs.org/machine/-/machine-12.1.1.tgz",
      "integrity": "sha512-fohf/zxGNvZL69JfbZI/rf660cLnC2tU3tSz8BHGrl+5c7C/82Zypy2fpT2FKPh1q56zfAaCqyI5hSROqBF90g==",
      "requires": {
        "convert-to-ecmascript-compatible-varname": "0.1.4",
        "debug": "3.1.0",
        "lodash": "3.10.1",
        "object-hash": "0.3.0",
        "rttc": "9.3.4",
        "switchback": "2.0.0"
      },
      "dependencies": {
        "debug": {
          "version": "3.1.0",
          "resolved": "https://registry.npmjs.org/debug/-/debug-3.1.0.tgz",
          "integrity": "sha512-OX8XqP7/1a9cqkxYw2yXss15f26NKWBpDXQd0/uK/KPqdQhxbPa994hnzjcE2VqQpDslf55723cKPUOGSmMY3g==",
          "requires": {
            "ms": "2.0.0"
          }
        },
        "rttc": {
          "version": "9.3.4",
          "resolved": "https://registry.npmjs.org/rttc/-/rttc-9.3.4.tgz",
          "integrity": "sha1-vABXU7c80WrFANkURta5kyBhctc=",
          "requires": {
            "lodash": "3.8.0"
          },
          "dependencies": {
            "lodash": {
              "version": "3.8.0",
              "resolved": "https://registry.npmjs.org/lodash/-/lodash-3.8.0.tgz",
              "integrity": "sha1-N265i9zZOCqTZcM8TLglDeEyW5E="
            }
          }
        }
      }
    },
    "machinepack-fs": {
      "version": "8.0.2",
      "resolved": "https://registry.npmjs.org/machinepack-fs/-/machinepack-fs-8.0.2.tgz",
      "integrity": "sha1-MYAxfrS21yiaMKG7SBL+S0c8pKg=",
      "requires": {
        "fs-extra": "0.26.5",
        "lodash.isfunction": "3.0.8",
        "lodash.isobject": "3.0.2",
        "machine": "12.1.1",
        "machinepack-json": "2.0.1",
        "machinepack-strings": "5.0.0",
        "machinepack-util": "6.0.1",
        "rttc": "9.3.4",
        "walker": "1.0.7"
      },
      "dependencies": {
        "fs-extra": {
          "version": "0.26.5",
          "resolved": "https://registry.npmjs.org/fs-extra/-/fs-extra-0.26.5.tgz",
          "integrity": "sha1-U6x0Znygg/0twXEsgTA5yjLWmn8=",
          "requires": {
            "graceful-fs": "4.1.11",
            "jsonfile": "2.4.0",
            "klaw": "1.3.1",
            "path-is-absolute": "1.0.1",
            "rimraf": "2.6.2"
          }
        },
        "lodash": {
          "version": "3.8.0",
          "resolved": "https://registry.npmjs.org/lodash/-/lodash-3.8.0.tgz",
          "integrity": "sha1-N265i9zZOCqTZcM8TLglDeEyW5E="
        },
        "rttc": {
          "version": "9.3.4",
          "resolved": "https://registry.npmjs.org/rttc/-/rttc-9.3.4.tgz",
          "integrity": "sha1-vABXU7c80WrFANkURta5kyBhctc=",
          "requires": {
            "lodash": "3.8.0"
          }
        }
      }
    },
    "machinepack-json": {
      "version": "2.0.1",
      "resolved": "https://registry.npmjs.org/machinepack-json/-/machinepack-json-2.0.1.tgz",
      "integrity": "sha1-uZGrXIjYxR6dgafe87U4gpVmzEA=",
      "requires": {
        "lodash.iserror": "3.1.1",
        "lodash.isfunction": "3.0.8",
        "lodash.isregexp": "3.0.5",
        "machine": "12.1.1"
      }
    },
    "machinepack-strings": {
      "version": "5.0.0",
      "resolved": "https://registry.npmjs.org/machinepack-strings/-/machinepack-strings-5.0.0.tgz",
      "integrity": "sha1-52o/1OCZjX6QMZXM7C8J2eabJYw=",
      "requires": {
        "browserify-transform-machinepack": "1.0.3",
        "hat": "0.0.3",
        "lodash": "3.10.1",
        "machine": "12.1.1"
      }
    },
    "machinepack-util": {
      "version": "6.0.1",
      "resolved": "https://registry.npmjs.org/machinepack-util/-/machinepack-util-6.0.1.tgz",
      "integrity": "sha1-J1t0M0TbR/T0QA2n5mtKrKRUMhI=",
      "requires": {
        "browserify-transform-machinepack": "1.0.3",
        "lodash": "3.10.1",
        "lodash.iserror": "3.1.1",
        "lodash.isobject": "3.0.2",
        "machine": "12.1.1",
        "object-hash": "0.5.0"
      },
      "dependencies": {
        "object-hash": {
          "version": "0.5.0",
          "resolved": "https://registry.npmjs.org/object-hash/-/object-hash-0.5.0.tgz",
          "integrity": "sha1-6beE2Ytm9BboDeVfLFE3ELQz/i0="
        }
      }
    },
    "makeerror": {
      "version": "1.0.11",
      "resolved": "https://registry.npmjs.org/makeerror/-/makeerror-1.0.11.tgz",
      "integrity": "sha1-4BpckQnyr3lmDk6LlYd5AYT1qWw=",
      "requires": {
        "tmpl": "1.0.4"
      }
    },
    "media-typer": {
      "version": "0.3.0",
      "resolved": "https://registry.npmjs.org/media-typer/-/media-typer-0.3.0.tgz",
      "integrity": "sha1-hxDXrwqmJvj/+hzgAWhUUmMlV0g="
    },
    "merge-descriptors": {
      "version": "1.0.1",
      "resolved": "https://registry.npmjs.org/merge-descriptors/-/merge-descriptors-1.0.1.tgz",
      "integrity": "sha1-sAqqVW3YtEVoFQ7J0blT8/kMu2E="
    },
    "methods": {
      "version": "1.1.2",
      "resolved": "https://registry.npmjs.org/methods/-/methods-1.1.2.tgz",
      "integrity": "sha1-VSmk1nZUE07cxSZmVoNbD4Ua/O4="
    },
    "mime": {
      "version": "1.4.1",
      "resolved": "https://registry.npmjs.org/mime/-/mime-1.4.1.tgz",
      "integrity": "sha512-KI1+qOZu5DcW6wayYHSzR/tXKCDC5Om4s1z2QJjDULzLcmf3DvzS7oluY4HCTrc+9FiKmWUgeNLg7W3uIQvxtQ=="
    },
    "mime-db": {
      "version": "1.33.0",
      "resolved": "https://registry.npmjs.org/mime-db/-/mime-db-1.33.0.tgz",
      "integrity": "sha512-BHJ/EKruNIqJf/QahvxwQZXKygOQ256myeN/Ew+THcAa5q+PjyTTMMeNQC4DZw5AwfvelsUrA6B67NKMqXDbzQ=="
    },
    "mime-types": {
      "version": "2.1.18",
      "resolved": "https://registry.npmjs.org/mime-types/-/mime-types-2.1.18.tgz",
      "integrity": "sha512-lc/aahn+t4/SWV/qcmumYjymLsWfN3ELhpmVuUFjgsORruuZPVSwAQryq+HHGvO/SI2KVX26bx+En+zhM8g8hQ==",
      "requires": {
        "mime-db": "1.33.0"
      }
    },
    "minimatch": {
      "version": "3.0.4",
      "resolved": "https://registry.npmjs.org/minimatch/-/minimatch-3.0.4.tgz",
      "integrity": "sha512-yJHVQEhyqPLUTgt9B83PXu6W3rx4MvvHvSUvToogpwoGDOUQ+yDrR0HRot+yOCdCO7u4hX3pWft6kWBBcqh0UA==",
      "requires": {
        "brace-expansion": "1.1.11"
      }
    },
    "minimist": {
      "version": "0.0.8",
      "resolved": "https://registry.npmjs.org/minimist/-/minimist-0.0.8.tgz",
      "integrity": "sha1-hX/Kv8M5fSYluCKCYuhqp6ARsF0="
    },
    "mkdirp": {
      "version": "0.5.1",
      "resolved": "https://registry.npmjs.org/mkdirp/-/mkdirp-0.5.1.tgz",
      "integrity": "sha1-MAV0OOrGz3+MR2fzhkjWaX11yQM=",
      "requires": {
        "minimist": "0.0.8"
      }
    },
    "mongodb": {
      "version": "2.2.25",
      "resolved": "https://registry.npmjs.org/mongodb/-/mongodb-2.2.25.tgz",
      "integrity": "sha1-07JdrQDtor38vJliELoIKsaGprY=",
      "requires": {
        "es6-promise": "3.2.1",
        "mongodb-core": "2.1.9",
        "readable-stream": "2.1.5"
      }
    },
    "mongodb-core": {
      "version": "2.1.9",
      "resolved": "https://registry.npmjs.org/mongodb-core/-/mongodb-core-2.1.9.tgz",
      "integrity": "sha1-hapx7k+3FhluBreHVXvxOfgB2vU=",
      "requires": {
        "bson": "1.0.5",
        "require_optional": "1.0.1"
      }
    },
    "ms": {
      "version": "2.0.0",
      "resolved": "https://registry.npmjs.org/ms/-/ms-2.0.0.tgz",
      "integrity": "sha1-VgiurfwAvmwpAd9fmGF4jeDVl8g="
    },
    "nedb": {
      "version": "1.8.0",
      "resolved": "https://registry.npmjs.org/nedb/-/nedb-1.8.0.tgz",
      "integrity": "sha1-DjUCzYLABNU1WkPJ5VV3vXvZHYg=",
      "requires": {
        "async": "0.2.10",
        "binary-search-tree": "0.2.5",
        "localforage": "1.6.0",
        "mkdirp": "0.5.1",
        "underscore": "1.4.4"
      },
      "dependencies": {
        "async": {
          "version": "0.2.10",
          "resolved": "https://registry.npmjs.org/async/-/async-0.2.10.tgz",
          "integrity": "sha1-trvgsGdLnXGXCMo43owjfLUmw9E="
        }
      }
    },
    "negotiator": {
      "version": "0.6.1",
      "resolved": "https://registry.npmjs.org/negotiator/-/negotiator-0.6.1.tgz",
      "integrity": "sha1-KzJxhOiZIQEXeyhWP7XnECrNDKk="
    },
    "object-hash": {
      "version": "0.3.0",
      "resolved": "https://registry.npmjs.org/object-hash/-/object-hash-0.3.0.tgz",
      "integrity": "sha1-VIII5Ds2pE5NowutbFasU7iF50Q="
    },
    "object-keys": {
      "version": "1.0.11",
      "resolved": "https://registry.npmjs.org/object-keys/-/object-keys-1.0.11.tgz",
      "integrity": "sha1-xUYBd4rVYPEULODgG8yotW0TQm0="
    },
    "on-finished": {
      "version": "2.3.0",
      "resolved": "https://registry.npmjs.org/on-finished/-/on-finished-2.3.0.tgz",
      "integrity": "sha1-IPEzZIGwg811M3mSoWlxqi2QaUc=",
      "requires": {
        "ee-first": "1.1.1"
      }
    },
    "once": {
      "version": "1.4.0",
      "resolved": "https://registry.npmjs.org/once/-/once-1.4.0.tgz",
      "integrity": "sha1-WDsap3WWHUsROsF9nFC6753Xa9E=",
      "requires": {
        "wrappy": "1.0.2"
      }
    },
    "os-homedir": {
      "version": "1.0.2",
      "resolved": "https://registry.npmjs.org/os-homedir/-/os-homedir-1.0.2.tgz",
      "integrity": "sha1-/7xJiDNuDoM94MFox+8VISGqf7M="
    },
    "parley": {
      "version": "3.3.4",
      "resolved": "https://registry.npmjs.org/parley/-/parley-3.3.4.tgz",
      "integrity": "sha512-mx0cU+MIOqKaZRcYqBtoxHoW3UvtTGSwYYA3OZ4EI9V/NySyLpLja0OoqlA4SsNraRWNivyW08vp7Me3EYHHKw==",
      "requires": {
        "@sailshq/lodash": "3.10.2",
        "bluebird": "3.2.1",
        "flaverr": "1.9.0"
      }
    },
    "parseurl": {
      "version": "1.3.2",
      "resolved": "https://registry.npmjs.org/parseurl/-/parseurl-1.3.2.tgz",
      "integrity": "sha1-/CidTtiZMRlGDBViUyYs3I3mW/M="
    },
    "path-is-absolute": {
      "version": "1.0.1",
      "resolved": "https://registry.npmjs.org/path-is-absolute/-/path-is-absolute-1.0.1.tgz",
      "integrity": "sha1-F0uSaHNVNP+8es5r9TpanhtcX18="
    },
    "path-to-regexp": {
      "version": "0.1.7",
      "resolved": "https://registry.npmjs.org/path-to-regexp/-/path-to-regexp-0.1.7.tgz",
      "integrity": "sha1-32BBeABfUi8V60SQ5yR6G/qmf4w="
    },
    "process-nextick-args": {
      "version": "1.0.7",
      "resolved": "https://registry.npmjs.org/process-nextick-args/-/process-nextick-args-1.0.7.tgz",
      "integrity": "sha1-FQ4gt1ZZCtP5EJPyWk8q2L/zC6M="
    },
    "proxy-addr": {
      "version": "2.0.3",
      "resolved": "https://registry.npmjs.org/proxy-addr/-/proxy-addr-2.0.3.tgz",
      "integrity": "sha512-jQTChiCJteusULxjBp8+jftSQE5Obdl3k4cnmLA6WXtK6XFuWRnvVL7aCiBqaLPM8c4ph0S4tKna8XvmIwEnXQ==",
      "requires": {
        "forwarded": "0.1.2",
        "ipaddr.js": "1.6.0"
      }
    },
    "qs": {
      "version": "6.5.1",
      "resolved": "https://registry.npmjs.org/qs/-/qs-6.5.1.tgz",
      "integrity": "sha512-eRzhrN1WSINYCDCbrz796z37LOe3m5tmW7RQf6oBntukAG1nmovJvhnwHHRMAfeoItc1m2Hk02WER2aQ/iqs+A=="
    },
    "range-parser": {
      "version": "1.2.0",
      "resolved": "https://registry.npmjs.org/range-parser/-/range-parser-1.2.0.tgz",
      "integrity": "sha1-9JvmtIeJTdxA3MlKMi9hEJLgDV4="
    },
    "raw-body": {
      "version": "2.3.2",
      "resolved": "https://registry.npmjs.org/raw-body/-/raw-body-2.3.2.tgz",
      "integrity": "sha1-vNYMd9Prk83gBQKVw/N5OJvIj4k=",
      "requires": {
        "bytes": "3.0.0",
        "http-errors": "1.6.2",
        "iconv-lite": "0.4.19",
        "unpipe": "1.0.0"
      }
    },
    "readable-stream": {
      "version": "2.1.5",
      "resolved": "https://registry.npmjs.org/readable-stream/-/readable-stream-2.1.5.tgz",
      "integrity": "sha1-ZvqLcg4UOLNkaB8q0aY8YYRIydA=",
      "requires": {
        "buffer-shims": "1.0.0",
        "core-util-is": "1.0.2",
        "inherits": "2.0.3",
        "isarray": "1.0.0",
        "process-nextick-args": "1.0.7",
        "string_decoder": "0.10.31",
        "util-deprecate": "1.0.2"
      },
      "dependencies": {
        "isarray": {
          "version": "1.0.0",
          "resolved": "https://registry.npmjs.org/isarray/-/isarray-1.0.0.tgz",
          "integrity": "sha1-u5NdSFgsuhaMBoNJV6VKPgcSTxE="
        }
      }
    },
    "require_optional": {
      "version": "1.0.1",
      "resolved": "https://registry.npmjs.org/require_optional/-/require_optional-1.0.1.tgz",
      "integrity": "sha512-qhM/y57enGWHAe3v/NcwML6a3/vfESLe/sGM2dII+gEO0BpKRUkWZow/tyloNqJyN6kXSl3RyyM8Ll5D/sJP8g==",
      "requires": {
        "resolve-from": "2.0.0",
        "semver": "5.5.0"
      }
    },
    "resolve-from": {
      "version": "2.0.0",
      "resolved": "https://registry.npmjs.org/resolve-from/-/resolve-from-2.0.0.tgz",
      "integrity": "sha1-lICrIOlP+h2egKgEx+oUdhGWa1c="
    },
    "rimraf": {
      "version": "2.6.2",
      "resolved": "https://registry.npmjs.org/rimraf/-/rimraf-2.6.2.tgz",
      "integrity": "sha512-lreewLK/BlghmxtfH36YYVg1i8IAce4TI7oao75I1g245+6BctqTVQiBP3YUJ9C6DQOXJmkYR9X9fCLtCOJc5w==",
      "requires": {
        "glob": "7.1.2"
      }
    },
    "rttc": {
      "version": "10.0.0-4",
      "resolved": "https://registry.npmjs.org/rttc/-/rttc-10.0.0-4.tgz",
      "integrity": "sha512-HroJ9z+RVipbPCeFdglopiVM18w9BM5PFqXivM6ZceNQEphjpDGZ154srk1JhviNacrmFqhdzDbGQZsB13g6JA==",
      "requires": {
        "@sailshq/lodash": "3.10.2"
      }
    },
    "safe-buffer": {
      "version": "5.1.1",
      "resolved": "https://registry.npmjs.org/safe-buffer/-/safe-buffer-5.1.1.tgz",
      "integrity": "sha512-kKvNJn6Mm93gAczWVJg7wH+wGYWNrDHdWvpUmHyEsgCtIwwo3bqPtV4tR5tuPaUhTOo/kvhVwd8XwwOllGYkbg=="
    },
    "sails-disk": {
      "version": "1.0.0-12",
      "resolved": "https://registry.npmjs.org/sails-disk/-/sails-disk-1.0.0-12.tgz",
      "integrity": "sha512-vAlxLI4NrRXwmp/X3nSEz7jrTFBmP4EGp0I5OsdnX2AAp9JUqVzNmJZe9oufrLhPl2ZT5wz+bpO0HyCbWH62WQ==",
      "requires": {
        "@sailshq/lodash": "3.10.2",
        "async": "2.0.1",
        "machinepack-fs": "8.0.2",
        "nedb": "1.8.0"
      }
    },
    "sails-mongo": {
      "version": "1.0.0-11",
      "resolved": "https://registry.npmjs.org/sails-mongo/-/sails-mongo-1.0.0-11.tgz",
      "integrity": "sha512-NlHRdH3M032n+QllobovIGhDfiACc+i2rPabiAj0APSDZmprnXKV7FKyIae+lVMcW6VXaKmao4SUfL1Uz39dhg==",
      "requires": {
        "@sailshq/lodash": "3.10.2",
        "async": "2.0.1",
        "flaverr": "1.1.1",
        "machine": "13.0.0-24",
        "mongodb": "2.2.25",
        "qs": "6.4.0"
      },
      "dependencies": {
        "debug": {
          "version": "3.1.0",
          "resolved": "https://registry.npmjs.org/debug/-/debug-3.1.0.tgz",
          "integrity": "sha512-OX8XqP7/1a9cqkxYw2yXss15f26NKWBpDXQd0/uK/KPqdQhxbPa994hnzjcE2VqQpDslf55723cKPUOGSmMY3g==",
          "requires": {
            "ms": "2.0.0"
          }
        },
        "flaverr": {
          "version": "1.1.1",
          "resolved": "https://registry.npmjs.org/flaverr/-/flaverr-1.1.1.tgz",
          "integrity": "sha1-x9XWD5HB/S8DOwZr7NovSHNsFv8=",
          "requires": {
            "@sailshq/lodash": "3.10.2"
          }
        },
        "machine": {
          "version": "13.0.0-24",
          "resolved": "https://registry.npmjs.org/machine/-/machine-13.0.0-24.tgz",
          "integrity": "sha512-M4jMQbHlAgPklsGdCxP6udDgeOEABlYxwSV0oybcgt4bZ5hz0CLIIpJUtBNtpDNe29K9u6qFHQrGAAIkEiNa7w==",
          "requires": {
            "@sailshq/lodash": "3.10.2",
            "convert-to-ecmascript-compatible-varname": "0.1.4",
            "debug": "3.1.0",
            "include-all": "1.0.8",
            "rttc": "9.8.2",
            "switchback": "2.0.2"
          }
        },
        "qs": {
          "version": "6.4.0",
          "resolved": "https://registry.npmjs.org/qs/-/qs-6.4.0.tgz",
          "integrity": "sha1-E+JtKK1rD/qpExLNO/cI7TUecjM="
        },
        "rttc": {
          "version": "9.8.2",
          "resolved": "https://registry.npmjs.org/rttc/-/rttc-9.8.2.tgz",
          "integrity": "sha1-IzfSHUE/SjT/+IF3+V6uft+9Jr8=",
          "requires": {
            "lodash": "3.10.1"
          }
        },
        "switchback": {
          "version": "2.0.2",
          "resolved": "https://registry.npmjs.org/switchback/-/switchback-2.0.2.tgz",
          "integrity": "sha1-ls8ODTY7VZ0Lt/8htip6qRDsYHk=",
          "requires": {
            "lodash": "3.10.1"
          }
        }
      }
    },
    "semver": {
      "version": "5.5.0",
      "resolved": "https://registry.npmjs.org/semver/-/semver-5.5.0.tgz",
      "integrity": "sha512-4SJ3dm0WAwWy/NVeioZh5AntkdJoWKxHxcmyP622fOkgHa4z3R0TdBJICINyaSDE6uNwVc8gZr+ZinwZAH4xIA=="
    },
    "send": {
      "version": "0.16.1",
      "resolved": "https://registry.npmjs.org/send/-/send-0.16.1.tgz",
      "integrity": "sha512-ElCLJdJIKPk6ux/Hocwhk7NFHpI3pVm/IZOYWqUmoxcgeyM+MpxHHKhb8QmlJDX1pU6WrgaHBkVNm73Sv7uc2A==",
      "requires": {
        "debug": "2.6.9",
        "depd": "1.1.2",
        "destroy": "1.0.4",
        "encodeurl": "1.0.2",
        "escape-html": "1.0.3",
        "etag": "1.8.1",
        "fresh": "0.5.2",
        "http-errors": "1.6.2",
        "mime": "1.4.1",
        "ms": "2.0.0",
        "on-finished": "2.3.0",
        "range-parser": "1.2.0",
        "statuses": "1.3.1"
      }
    },
    "serve-static": {
      "version": "1.13.1",
      "resolved": "https://registry.npmjs.org/serve-static/-/serve-static-1.13.1.tgz",
      "integrity": "sha512-hSMUZrsPa/I09VYFJwa627JJkNs0NrfL1Uzuup+GqHfToR2KcsXFymXSV90hoyw3M+msjFuQly+YzIH/q0MGlQ==",
      "requires": {
        "encodeurl": "1.0.2",
        "escape-html": "1.0.3",
        "parseurl": "1.3.2",
        "send": "0.16.1"
      }
    },
    "setprototypeof": {
      "version": "1.1.0",
      "resolved": "https://registry.npmjs.org/setprototypeof/-/setprototypeof-1.1.0.tgz",
      "integrity": "sha512-BvE/TwpZX4FXExxOxZyRGQQv651MSwmWKZGqvmPcRIjDqWub67kTKuIMx43cZZrS/cBBzwBcNDWoFxt2XEFIpQ=="
    },
    "statuses": {
      "version": "1.3.1",
      "resolved": "https://registry.npmjs.org/statuses/-/statuses-1.3.1.tgz",
      "integrity": "sha1-+vUbnrdKrvOzrPStX2Gr8ky3uT4="
    },
    "string_decoder": {
      "version": "0.10.31",
      "resolved": "https://registry.npmjs.org/string_decoder/-/string_decoder-0.10.31.tgz",
      "integrity": "sha1-YuIDvEF2bGwoyfyEMB2rHFMQ+pQ="
    },
    "switchback": {
      "version": "2.0.0",
      "resolved": "https://registry.npmjs.org/switchback/-/switchback-2.0.0.tgz",
      "integrity": "sha1-KifZAzPe8wWnUh3MHjL2qOOtcgU=",
      "requires": {
        "lodash": "2.4.2"
      },
      "dependencies": {
        "lodash": {
          "version": "2.4.2",
          "resolved": "https://registry.npmjs.org/lodash/-/lodash-2.4.2.tgz",
          "integrity": "sha1-+t2DS5aDBz2hebPq5tnA0VBT9z4="
        }
      }
    },
    "through": {
      "version": "2.3.8",
      "resolved": "https://registry.npmjs.org/through/-/through-2.3.8.tgz",
      "integrity": "sha1-DdTJ/6q8NXlgsbckEV1+Doai4fU="
    },
    "tmpl": {
      "version": "1.0.4",
      "resolved": "https://registry.npmjs.org/tmpl/-/tmpl-1.0.4.tgz",
      "integrity": "sha1-I2QN17QtAEM5ERQIIOXPRA5SHdE="
    },
    "type-is": {
      "version": "1.6.16",
      "resolved": "https://registry.npmjs.org/type-is/-/type-is-1.6.16.tgz",
      "integrity": "sha512-HRkVv/5qY2G6I8iab9cI7v1bOIdhm94dVjQCPFElW9W+3GeDOSHmy2EBYe4VTApuzolPcmgFTN3ftVJRKR2J9Q==",
      "requires": {
        "media-typer": "0.3.0",
        "mime-types": "2.1.18"
      }
    },
    "underscore": {
      "version": "1.4.4",
      "resolved": "https://registry.npmjs.org/underscore/-/underscore-1.4.4.tgz",
      "integrity": "sha1-YaajIBBiKvoHljvzJSA88SI51gQ="
    },
    "unpipe": {
      "version": "1.0.0",
      "resolved": "https://registry.npmjs.org/unpipe/-/unpipe-1.0.0.tgz",
      "integrity": "sha1-sr9O6FFKrmFltIF4KdIbLvSZBOw="
    },
    "util-deprecate": {
      "version": "1.0.2",
      "resolved": "https://registry.npmjs.org/util-deprecate/-/util-deprecate-1.0.2.tgz",
      "integrity": "sha1-RQ1Nyfpw3nMnYvvS1KKJgUGaDM8="
    },
    "utils-merge": {
      "version": "1.0.1",
      "resolved": "https://registry.npmjs.org/utils-merge/-/utils-merge-1.0.1.tgz",
      "integrity": "sha1-n5VxD1CiZ5R7LMwSR0HBAoQn5xM="
    },
    "vary": {
      "version": "1.1.2",
      "resolved": "https://registry.npmjs.org/vary/-/vary-1.1.2.tgz",
      "integrity": "sha1-IpnwLG3tMNSllhsLn3RSShj2NPw="
    },
    "walker": {
      "version": "1.0.7",
      "resolved": "https://registry.npmjs.org/walker/-/walker-1.0.7.tgz",
      "integrity": "sha1-L3+bj9ENZ3JisYqITijRlhjgKPs=",
      "requires": {
        "makeerror": "1.0.11"
      }
    },
    "waterline": {
      "version": "0.13.1",
      "resolved": "https://registry.npmjs.org/waterline/-/waterline-0.13.1.tgz",
      "integrity": "sha512-HAP7HhM4wPOPa9QRRVALn7X0/VG2ivTsX02ud/n64WvfL4bR1miMNWjuT5rBHA2xV4PBPYMbQgotr0i79fxtPg==",
      "requires": {
        "@sailshq/lodash": "3.10.2",
        "anchor": "1.2.0",
        "async": "2.0.1",
        "encrypted-attr": "1.0.6",
        "flaverr": "1.9.0",
        "lodash.issafeinteger": "4.0.4",
        "parley": "3.3.4",
        "rttc": "10.0.0-4",
        "waterline-schema": "1.0.0-25",
        "waterline-utils": "1.3.24"
      },
      "dependencies": {
        "async": {
          "version": "2.0.1",
          "resolved": "https://registry.npmjs.org/async/-/async-2.0.1.tgz",
          "integrity": "sha1-twnMAoCpw28J9FNr6CPIOKkEniU=",
          "requires": {
            "lodash": "4.17.5"
          }
        },
        "lodash": {
          "version": "4.17.5",
          "resolved": "https://registry.npmjs.org/lodash/-/lodash-4.17.5.tgz",
          "integrity": "sha512-svL3uiZf1RwhH+cWrfZn3A4+U58wbP0tGVTLQPbjplZxZ8ROD9VLuNgsRniTlLe7OlSqR79RUehXgpBW/s0IQw=="
        }
      }
    },
    "waterline-schema": {
      "version": "1.0.0-25",
      "resolved": "https://registry.npmjs.org/waterline-schema/-/waterline-schema-1.0.0-25.tgz",
      "integrity": "sha512-IdNmCqYg2vpvVvPE306SKyBFKZyorw1BxrNMyTKC50tXR3/x45mZMKHF6ayQiHtuC89ranrIq6zfxpr6rHpAJQ==",
      "requires": {
        "@sailshq/lodash": "3.10.2",
        "flaverr": "1.9.0",
        "rttc": "10.0.0-4"
      }
    },
    "waterline-utils": {
      "version": "1.3.24",
      "resolved": "https://registry.npmjs.org/waterline-utils/-/waterline-utils-1.3.24.tgz",
      "integrity": "sha512-2VsmlEPpYrsQ7h7fm8i2oAx+YtzfNMdZNaDvD935984YoyLRGImo7rahhKSS7rXEb78uXlgBS44xC1WbjGE7Wg==",
      "requires": {
        "@sailshq/lodash": "3.10.2",
        "async": "2.0.1",
        "flaverr": "1.9.0",
        "fs-extra": "0.30.0"
      },
      "dependencies": {
        "async": {
          "version": "2.0.1",
          "resolved": "https://registry.npmjs.org/async/-/async-2.0.1.tgz",
          "integrity": "sha1-twnMAoCpw28J9FNr6CPIOKkEniU=",
          "requires": {
            "lodash": "4.17.5"
          }
        },
        "lodash": {
          "version": "4.17.5",
          "resolved": "https://registry.npmjs.org/lodash/-/lodash-4.17.5.tgz",
          "integrity": "sha512-svL3uiZf1RwhH+cWrfZn3A4+U58wbP0tGVTLQPbjplZxZ8ROD9VLuNgsRniTlLe7OlSqR79RUehXgpBW/s0IQw=="
        }
      }
    },
    "wrappy": {
      "version": "1.0.2",
      "resolved": "https://registry.npmjs.org/wrappy/-/wrappy-1.0.2.tgz",
      "integrity": "sha1-tSQ9jz7BqjXxNkYFvA0QNuMKtp8="
    }
  }
}
